
Microsoft Visual Studio Solution File, Format Version 12.00
# Visual Studio 15
VisualStudioVersion = 15.0.26730.15
MinimumVisualStudioVersion = 10.0.40219.1
Project("{9A19103F-16F7-4668-BE54-9A1E7A4F7556}") = "MiddlewareDemo", "MiddlewareDemo\MiddlewareDemo.csproj", "{28755D79-DD71-4FD1-A8AA-A56A620F8312}"
EndProject
Project("{9A19103F-16F7-4668-BE54-9A1E7A4F7556}") = "MvcDemo", "MvcDemo\MvcDemo.csproj", "{F20DE8F1-DA99-4132-ACB3-6EB5C56C0CEB}"
EndProject
Project("{2150E333-8FDC-42A3-9474-1A3956D46DE8}") = "Solution Items", "Solution Items", "{DD347CCB-C00F-486D-A907-03FBAA21983D}"
	ProjectSection(SolutionItems) = preProject
		README.md = README.md
	EndProjectSection
EndProject
Project("{9A19103F-16F7-4668-BE54-9A1E7A4F7556}") = "Utils", "Utils\Utils.csproj", "{3073325D-1180-413D-B20E-D83D70CE7715}"
EndProject
Project("{9A19103F-16F7-4668-BE54-9A1E7A4F7556}") = "HttpClientDemo", "HttpClientDemo\HttpClientDemo.csproj", "{71829AA6-845A-4EE8-992C-C9A475D25F05}"
EndProject
Project("{9A19103F-16F7-4668-BE54-9A1E7A4F7556}") = "RestfulWebApiDemo", "RestfulWebApiDemo\RestfulWebApiDemo.csproj", "{8FA332D2-B44B-40EA-A0E9-A4C7F712B4D2}"
EndProject
Project("{9A19103F-16F7-4668-BE54-9A1E7A4F7556}") = "ExternalTestLibrary", "ExternalTestLibrary\ExternalTestLibrary.csproj", "{765A6142-F9D5-4B20-8C10-905530D20E96}"
EndProject
Project("{9A19103F-16F7-4668-BE54-9A1E7A4F7556}") = "Mvc.Versioning", "Mvc.Versioning\Mvc.Versioning.csproj", "{D294741A-F1BB-40D5-B2A5-654F374ACEC4}"
EndProject
Project("{9A19103F-16F7-4668-BE54-9A1E7A4F7556}") = "Middleware.Hosting", "Middleware.Hosting\Middleware.Hosting.csproj", "{F396CF31-00A5-471F-85B7-370F20F13CA2}"
EndProject
Project("{9A19103F-16F7-4668-BE54-9A1E7A4F7556}") = "Middleware.Rewrite", "Middleware.Rewrite\Middleware.Rewrite.csproj", "{6B5DF764-0D6F-480F-A8F1-AD4573C02386}"
EndProject
Project("{FAE04EC0-301F-11D3-BF4B-00C04F79EFBC}") = "Middleware.Routing", "Middleware.Routing\Middleware.Routing.csproj", "{756D68CD-791F-430A-9196-D47FD3A68260}"
EndProject
Project("{FAE04EC0-301F-11D3-BF4B-00C04F79EFBC}") = "Middleware.ResponseCompression", "Middleware.ResponseCompression\Middleware.ResponseCompression.csproj", "{3ABD02C4-FBFE-4656-AFE4-5627448CC42C}"
EndProject
Project("{FAE04EC0-301F-11D3-BF4B-00C04F79EFBC}") = "Middleware.ResponseCaching", "Middleware.ResponseCaching\Middleware.ResponseCaching.csproj", "{6DF5D938-A600-4B29-A9B3-B4BE099E6DB5}"
EndProject
Global
	GlobalSection(SolutionConfigurationPlatforms) = preSolution
		Debug|Any CPU = Debug|Any CPU
		Release|Any CPU = Release|Any CPU
	EndGlobalSection
	GlobalSection(ProjectConfigurationPlatforms) = postSolution
		{28755D79-DD71-4FD1-A8AA-A56A620F8312}.Debug|Any CPU.ActiveCfg = Debug|Any CPU
		{28755D79-DD71-4FD1-A8AA-A56A620F8312}.Debug|Any CPU.Build.0 = Debug|Any CPU
		{28755D79-DD71-4FD1-A8AA-A56A620F8312}.Release|Any CPU.ActiveCfg = Release|Any CPU
		{28755D79-DD71-4FD1-A8AA-A56A620F8312}.Release|Any CPU.Build.0 = Release|Any CPU
		{F20DE8F1-DA99-4132-ACB3-6EB5C56C0CEB}.Debug|Any CPU.ActiveCfg = Debug|Any CPU
		{F20DE8F1-DA99-4132-ACB3-6EB5C56C0CEB}.Debug|Any CPU.Build.0 = Debug|Any CPU
		{F20DE8F1-DA99-4132-ACB3-6EB5C56C0CEB}.Release|Any CPU.ActiveCfg = Release|Any CPU
		{F20DE8F1-DA99-4132-ACB3-6EB5C56C0CEB}.Release|Any CPU.Build.0 = Release|Any CPU
		{3073325D-1180-413D-B20E-D83D70CE7715}.Debug|Any CPU.ActiveCfg = Debug|Any CPU
		{3073325D-1180-413D-B20E-D83D70CE7715}.Debug|Any CPU.Build.0 = Debug|Any CPU
		{3073325D-1180-413D-B20E-D83D70CE7715}.Release|Any CPU.ActiveCfg = Release|Any CPU
		{3073325D-1180-413D-B20E-D83D70CE7715}.Release|Any CPU.Build.0 = Release|Any CPU
		{71829AA6-845A-4EE8-992C-C9A475D25F05}.Debug|Any CPU.ActiveCfg = Debug|Any CPU
		{71829AA6-845A-4EE8-992C-C9A475D25F05}.Debug|Any CPU.Build.0 = Debug|Any CPU
		{71829AA6-845A-4EE8-992C-C9A475D25F05}.Release|Any CPU.ActiveCfg = Release|Any CPU
		{71829AA6-845A-4EE8-992C-C9A475D25F05}.Release|Any CPU.Build.0 = Release|Any CPU
		{8FA332D2-B44B-40EA-A0E9-A4C7F712B4D2}.Debug|Any CPU.ActiveCfg = Debug|Any CPU
		{8FA332D2-B44B-40EA-A0E9-A4C7F712B4D2}.Debug|Any CPU.Build.0 = Debug|Any CPU
		{8FA332D2-B44B-40EA-A0E9-A4C7F712B4D2}.Release|Any CPU.ActiveCfg = Release|Any CPU
		{8FA332D2-B44B-40EA-A0E9-A4C7F712B4D2}.Release|Any CPU.Build.0 = Release|Any CPU
		{765A6142-F9D5-4B20-8C10-905530D20E96}.Debug|Any CPU.ActiveCfg = Debug|Any CPU
		{765A6142-F9D5-4B20-8C10-905530D20E96}.Debug|Any CPU.Build.0 = Debug|Any CPU
		{765A6142-F9D5-4B20-8C10-905530D20E96}.Release|Any CPU.ActiveCfg = Release|Any CPU
		{765A6142-F9D5-4B20-8C10-905530D20E96}.Release|Any CPU.Build.0 = Release|Any CPU
		{D294741A-F1BB-40D5-B2A5-654F374ACEC4}.Debug|Any CPU.ActiveCfg = Debug|Any CPU
		{D294741A-F1BB-40D5-B2A5-654F374ACEC4}.Debug|Any CPU.Build.0 = Debug|Any CPU
		{D294741A-F1BB-40D5-B2A5-654F374ACEC4}.Release|Any CPU.ActiveCfg = Release|Any CPU
		{D294741A-F1BB-40D5-B2A5-654F374ACEC4}.Release|Any CPU.Build.0 = Release|Any CPU
		{F396CF31-00A5-471F-85B7-370F20F13CA2}.Debug|Any CPU.ActiveCfg = Debug|Any CPU
		{F396CF31-00A5-471F-85B7-370F20F13CA2}.Debug|Any CPU.Build.0 = Debug|Any CPU
		{F396CF31-00A5-471F-85B7-370F20F13CA2}.Release|Any CPU.ActiveCfg = Release|Any CPU
		{F396CF31-00A5-471F-85B7-370F20F13CA2}.Release|Any CPU.Build.0 = Release|Any CPU
		{6B5DF764-0D6F-480F-A8F1-AD4573C02386}.Debug|Any CPU.ActiveCfg = Debug|Any CPU
		{6B5DF764-0D6F-480F-A8F1-AD4573C02386}.Debug|Any CPU.Build.0 = Debug|Any CPU
		{6B5DF764-0D6F-480F-A8F1-AD4573C02386}.Release|Any CPU.ActiveCfg = Release|Any CPU
		{6B5DF764-0D6F-480F-A8F1-AD4573C02386}.Release|Any CPU.Build.0 = Release|Any CPU
		{756D68CD-791F-430A-9196-D47FD3A68260}.Debug|Any CPU.ActiveCfg = Debug|Any CPU
		{756D68CD-791F-430A-9196-D47FD3A68260}.Debug|Any CPU.Build.0 = Debug|Any CPU
		{756D68CD-791F-430A-9196-D47FD3A68260}.Release|Any CPU.ActiveCfg = Release|Any CPU
		{756D68CD-791F-430A-9196-D47FD3A68260}.Release|Any CPU.Build.0 = Release|Any CPU
		{3ABD02C4-FBFE-4656-AFE4-5627448CC42C}.Debug|Any CPU.ActiveCfg = Debug|Any CPU
		{3ABD02C4-FBFE-4656-AFE4-5627448CC42C}.Debug|Any CPU.Build.0 = Debug|Any CPU
		{3ABD02C4-FBFE-4656-AFE4-5627448CC42C}.Release|Any CPU.ActiveCfg = Release|Any CPU
		{3ABD02C4-FBFE-4656-AFE4-5627448CC42C}.Release|Any CPU.Build.0 = Release|Any CPU
		{6DF5D938-A600-4B29-A9B3-B4BE099E6DB5}.Debug|Any CPU.ActiveCfg = Debug|Any CPU
		{6DF5D938-A600-4B29-A9B3-B4BE099E6DB5}.Debug|Any CPU.Build.0 = Debug|Any CPU
		{6DF5D938-A600-4B29-A9B3-B4BE099E6DB5}.Release|Any CPU.ActiveCfg = Release|Any CPU
		{6DF5D938-A600-4B29-A9B3-B4BE099E6DB5}.Release|Any CPU.Build.0 = Release|Any CPU
	EndGlobalSection
	GlobalSection(SolutionProperties) = preSolution
		HideSolutionNode = FALSE
	EndGlobalSection
	GlobalSection(ExtensibilityGlobals) = postSolution
		SolutionGuid = {FFDA0A59-2782-4F92-9058-BC4D56AF4DC6}
	EndGlobalSection
EndGlobal
